
Microsoft Visual Studio Solution File, Format Version 12.00
# Visual Studio Version 17
VisualStudioVersion = 17.1.32421.90
MinimumVisualStudioVersion = 10.0.40219.1
Project("{FAE04EC0-301F-11D3-BF4B-00C04F79EFBC}") = "FunctionApp2", "FunctionApp2\FunctionApp2.csproj", "{2DD09339-128A-43B1-9DB5-8F5950FE0A33}"
EndProject
Global
	GlobalSection(SolutionConfigurationPlatforms) = preSolution
		Debug|Any CPU = Debug|Any CPU
		Release|Any CPU = Release|Any CPU
	EndGlobalSection
	GlobalSection(ProjectConfigurationPlatforms) = postSolution
		{2DD09339-128A-43B1-9DB5-8F5950FE0A33}.Debug|Any CPU.ActiveCfg = Debug|Any CPU
		{2DD09339-128A-43B1-9DB5-8F5950FE0A33}.Debug|Any CPU.Build.0 = Debug|Any CPU
		{2DD09339-128A-43B1-9DB5-8F5950FE0A33}.Release|Any CPU.ActiveCfg = Release|Any CPU
		{2DD09339-128A-43B1-9DB5-8F5950FE0A33}.Release|Any CPU.Build.0 = Release|Any CPU
	EndGlobalSection
	GlobalSection(SolutionProperties) = preSolution
		HideSolutionNode = FALSE
	EndGlobalSection
	GlobalSection(ExtensibilityGlobals) = postSolution
		SolutionGuid = {CF93DA98-FBFE-45FC-8C7F-3F0DA4B1E61F}
	EndGlobalSection
EndGlobal
